<?xml version="1.0" encoding="utf-8"?>
<Project ToolsVersion="4.0" xmlns="http://schemas.microsoft.com/developer/msbuild/2003">
  <ItemGroup>
    <Filter Include="duktape">
      <UniqueIdentifier>{f00cac9f-7eb4-46fb-a2ef-65ce766fa6e7}</UniqueIdentifier>
    </Filter>
    <Filter Include="dux">
      <UniqueIdentifier>{823c8d8b-d79b-4581-9ef6-224ffd5faff8}</UniqueIdentifier>
    </Filter>
    <Filter Include="wx_library">
      <UniqueIdentifier>{40892a53-54be-4b1b-8775-081c21614ea2}</UniqueIdentifier>
    </Filter>
    <Filter Include="wx_library\modules">
      <UniqueIdentifier>{1247c876-7ed1-41ba-86b9-d62cfa2ae05f}</UniqueIdentifier>
    </Filter>
    <Filter Include="wx_library\prv_inc">
      <UniqueIdentifier>{0033e6d4-6504-486f-9fad-893a71f42b62}</UniqueIdentifier>
    </Filter>
    <Filter Include="wx_library\pub_inc">
      <UniqueIdentifier>{9e792c3e-de87-4d9b-acd4-99ebede6b9cc}</UniqueIdentifier>
    </Filter>
  </ItemGroup>
  <ItemGroup>
    <ClInclude Include="..\duktape\duktape.h">
      <Filter>duktape</Filter>
    </ClInclude>
    <ClInclude Include="..\duktape\duk_config.h">
      <Filter>duktape</Filter>
    </ClInclude>
    <ClInclude Include="..\wx_library\wx_defs.h">
      <Filter>wx_library\prv_inc</Filter>
    </ClInclude>
  </ItemGroup>
  <ItemGroup>
    <ClCompile Include="..\dux.cppm">
      <Filter>dux</Filter>
    </ClCompile>
    <ClCompile Include="..\wx_library\wx.console.cppm">
      <Filter>wx_library\modules</Filter>
    </ClCompile>
    <ClCompile Include="..\wx_library\wx.control.cppm">
      <Filter>wx_library\modules</Filter>
    </ClCompile>
    <ClCompile Include="..\wx_library\wx.cppm">
      <Filter>wx_library\modules</Filter>
    </ClCompile>
    <ClCompile Include="..\wx_library\wx.dialog.cppm">
      <Filter>wx_library\modules</Filter>
    </ClCompile>
    <ClCompile Include="..\wx_library\wx.file.cppm">
      <Filter>wx_library\modules</Filter>
    </ClCompile>
    <ClCompile Include="..\wx_library\wx.gdi.cppm">
      <Filter>wx_library\modules</Filter>
    </ClCompile>
    <ClCompile Include="..\wx_library\wx.proto.cppm">
      <Filter>wx_library\modules</Filter>
    </ClCompile>
    <ClCompile Include="..\wx_library\wx.realtime.cppm">
      <Filter>wx_library\modules</Filter>
    </ClCompile>
    <ClCompile Include="..\wx_library\wx.resource.cppm">
      <Filter>wx_library\modules</Filter>
    </ClCompile>
    <ClCompile Include="..\wx_library\wx.security.cppm">
      <Filter>wx_library\modules</Filter>
    </ClCompile>
    <ClCompile Include="..\wx_library\wx.type.cppm">
      <Filter>wx_library\modules</Filter>
    </ClCompile>
    <ClCompile Include="..\wx_library\wx.window.cppm">
      <Filter>wx_library\modules</Filter>
    </ClCompile>
  </ItemGroup>
  <ItemGroup>
    <None Include="..\wx_library\wx__msg.inl">
      <Filter>wx_library\prv_inc</Filter>
    </None>
    <None Include="..\wx_library\wx__msg_ctl.inl">
      <Filter>wx_library\prv_inc</Filter>
    </None>
    <None Include="..\wx_library\wx__rm.inl">
      <Filter>wx_library\prv_inc</Filter>
    </None>
    <None Include="..\wx_library\wx_console">
      <Filter>wx_library\pub_inc</Filter>
    </None>
    <None Include="..\wx_library\wx_dialog">
      <Filter>wx_library\pub_inc</Filter>
    </None>
    <None Include="..\wx_library\wx_dll">
      <Filter>wx_library\pub_inc</Filter>
    </None>
    <None Include="..\wx_library\wx_gdi">
      <Filter>wx_library\pub_inc</Filter>
    </None>
    <None Include="..\wx_library\wx_main">
      <Filter>wx_library\pub_inc</Filter>
    </None>
    <None Include="..\wx_library\wx_realtime">
      <Filter>wx_library\pub_inc</Filter>
    </None>
    <None Include="..\wx_library\wx_resource">
      <Filter>wx_library\pub_inc</Filter>
    </None>
    <None Include="..\wx_library\wx_type">
      <Filter>wx_library\pub_inc</Filter>
    </None>
    <None Include="..\wx_library\wx_window">
      <Filter>wx_library\pub_inc</Filter>
    </None>
  </ItemGroup>
</Project>