<?xml version="1.0" encoding="utf-8"?>
<Project ToolsVersion="4.0" xmlns="http://schemas.microsoft.com/developer/msbuild/2003">
  <ItemGroup>
    <ClCompile Include="dux_freetype.cpp" />
    <ClCompile Include="..\wx_library\wx.console.cppm">
      <Filter>wx_library\modules</Filter>
    </ClCompile>
    <ClCompile Include="..\wx_library\wx.control.cppm">
      <Filter>wx_library\modules</Filter>
    </ClCompile>
    <ClCompile Include="..\wx_library\wx.cppm">
      <Filter>wx_library\modules</Filter>
    </ClCompile>
    <ClCompile Include="..\wx_library\wx.dialog.cppm">
      <Filter>wx_library\modules</Filter>
    </ClCompile>
    <ClCompile Include="..\wx_library\wx.file.cppm">
      <Filter>wx_library\modules</Filter>
    </ClCompile>
    <ClCompile Include="..\wx_library\wx.gdi.cppm">
      <Filter>wx_library\modules</Filter>
    </ClCompile>
    <ClCompile Include="..\wx_library\wx.proto.cppm">
      <Filter>wx_library\modules</Filter>
    </ClCompile>
    <ClCompile Include="..\wx_library\wx.realtime.cppm">
      <Filter>wx_library\modules</Filter>
    </ClCompile>
    <ClCompile Include="..\wx_library\wx.resource.cppm">
      <Filter>wx_library\modules</Filter>
    </ClCompile>
    <ClCompile Include="..\wx_library\wx.security.cppm">
      <Filter>wx_library\modules</Filter>
    </ClCompile>
    <ClCompile Include="..\wx_library\wx.type.cppm">
      <Filter>wx_library\modules</Filter>
    </ClCompile>
    <ClCompile Include="..\wx_library\wx.window.cppm">
      <Filter>wx_library\modules</Filter>
    </ClCompile>
  </ItemGroup>
  <ItemGroup>
    <Filter Include="duktape">
      <UniqueIdentifier>{271a5d59-826a-40c4-944b-7c68128dba4f}</UniqueIdentifier>
    </Filter>
    <Filter Include="wx_library">
      <UniqueIdentifier>{eba98e64-09a1-49bf-b964-072573f6c64d}</UniqueIdentifier>
    </Filter>
    <Filter Include="wx_library\modules">
      <UniqueIdentifier>{b201ac20-7a0e-4ca7-af09-d9c24ac7aa6b}</UniqueIdentifier>
    </Filter>
    <Filter Include="wx_library\prv_inc">
      <UniqueIdentifier>{39738673-2383-45b0-8cc5-761fb7585b9b}</UniqueIdentifier>
    </Filter>
    <Filter Include="wx_library\pub_inc">
      <UniqueIdentifier>{f25b8f8b-9ef2-4cbd-ba45-7e3f51f776ac}</UniqueIdentifier>
    </Filter>
  </ItemGroup>
  <ItemGroup>
    <ClInclude Include="..\duktape\duk_config.h">
      <Filter>duktape</Filter>
    </ClInclude>
    <ClInclude Include="..\duktape\duktape.h">
      <Filter>duktape</Filter>
    </ClInclude>
    <ClInclude Include="..\wx_library\wx_defs.h">
      <Filter>wx_library\prv_inc</Filter>
    </ClInclude>
  </ItemGroup>
  <ItemGroup>
    <None Include="..\wx_library\wx__conio.inl">
      <Filter>wx_library\prv_inc</Filter>
    </None>
    <None Include="..\wx_library\wx__gdi.inl">
      <Filter>wx_library\prv_inc</Filter>
    </None>
    <None Include="..\wx_library\wx__msg.inl">
      <Filter>wx_library\prv_inc</Filter>
    </None>
    <None Include="..\wx_library\wx__msg_ctl.inl">
      <Filter>wx_library\prv_inc</Filter>
    </None>
    <None Include="..\wx_library\wx__realtime.inl">
      <Filter>wx_library\prv_inc</Filter>
    </None>
    <None Include="..\wx_library\wx__resource.inl">
      <Filter>wx_library\prv_inc</Filter>
    </None>
    <None Include="..\wx_library\wx__rm.inl">
      <Filter>wx_library\prv_inc</Filter>
    </None>
    <None Include="..\wx_library\wx__type.inl">
      <Filter>wx_library\prv_inc</Filter>
    </None>
    <None Include="..\wx_library\wx_console">
      <Filter>wx_library\pub_inc</Filter>
    </None>
    <None Include="..\wx_library\wx_dialog">
      <Filter>wx_library\pub_inc</Filter>
    </None>
    <None Include="..\wx_library\wx_dll">
      <Filter>wx_library\pub_inc</Filter>
    </None>
    <None Include="..\wx_library\wx_gdi">
      <Filter>wx_library\pub_inc</Filter>
    </None>
    <None Include="..\wx_library\wx_main">
      <Filter>wx_library\pub_inc</Filter>
    </None>
    <None Include="..\wx_library\wx_realtime">
      <Filter>wx_library\pub_inc</Filter>
    </None>
    <None Include="..\wx_library\wx_resource">
      <Filter>wx_library\pub_inc</Filter>
    </None>
    <None Include="..\wx_library\wx_type">
      <Filter>wx_library\pub_inc</Filter>
    </None>
    <None Include="..\wx_library\wx_window">
      <Filter>wx_library\pub_inc</Filter>
    </None>
  </ItemGroup>
</Project>