<?xml version="1.0" encoding="utf-8"?>
<Project ToolsVersion="4.0" xmlns="http://schemas.microsoft.com/developer/msbuild/2003">
  <ItemGroup>
    <ClCompile Include="dux_freetype.cpp" />
    <ClCompile Include="..\dux.cppm">
      <Filter>dux</Filter>
    </ClCompile>
  </ItemGroup>
  <ItemGroup>
    <Filter Include="duktape">
      <UniqueIdentifier>{271a5d59-826a-40c4-944b-7c68128dba4f}</UniqueIdentifier>
    </Filter>
    <Filter Include="dux">
      <UniqueIdentifier>{8751ad05-32fd-49b7-bade-04dd84c3fa15}</UniqueIdentifier>
    </Filter>
  </ItemGroup>
  <ItemGroup>
    <ClInclude Include="..\duktape\duk_config.h">
      <Filter>duktape</Filter>
    </ClInclude>
    <ClInclude Include="..\duktape\duktape.h">
      <Filter>duktape</Filter>
    </ClInclude>
  </ItemGroup>
</Project>